# SPDX-FileCopyrightText: 2026 Carlson Büth <code@cbueth.de>
#
# SPDX-License-Identifier: MIT OR Apache-2.0
#
# Pinned dependency set for the cross-package benchmark image
# (.docker/Dockerfile.bench), read by the CI version-aware caching step
# (only re-run a third-party collector when its pinned version changes).
#
# Captured 2026-09-12 from im-bench:dev built on the CI runner (cb-nix-laptop).

image:
  base: codeberg.org/cbueth/infomeasure-rs:stable
  base_digest: sha256:3628ef1188311b3d6a742281dab6d25fadd88f5b6deccad82b78db36a94cd1b5
  bench_digest: sha256:c5a7a77a7c34510998a5944888eb048c4eea0362664df00834536eea87ccc517
  os: Debian GNU/Linux 13 (trixie)
  python: "3.13.5"
  jdk: "21.0.12.1"
  jl: "1.12.7"
  uv: "0.12.9"

packages:
  - name: JIDT
    version: "1.6.1"
    source: >-
      https://lizier.me/joseph/software/jidt/download.php?file=infodynamics-dist-1.6.1.zip
    artifact_sha256: 2d367c244b729877fdaf0608884cf97ae964a8035c3020215b799812143a5b11
    language: java
  - name: numpy
    version: "2.5.3"
    source: pypi
  - name: scipy
    version: "1.18.1"
    source: pypi
  - name: infomeasure
    version: "0.6.3"
    source: pypi
  - name: pyinform
    version: "0.2.0"
    source: pypi
  - name: dit
    # distribution metadata is 2.2; dit.__version__ reports 1.5 (upstream bug)
    version: "2.2"
    source: pypi
  - name: pyitlib
    version: "0.3.1"
    source: pypi
  - name: pyentrp
    version: "2.1.0"
    source: pypi
  - name: syntropyx
    version: "0.0.2"
    source: pypi
  - name: DiscreteEntropy.jl
    version: "0.2.1"
    source: julia registry (General)
    language: julia
  - name: JSON.jl
    version: "1.8.0"
    source: julia registry (General)
    language: julia
  - name: R
    version: "4.5.0"
    source: debian (r-base)
  - name: RTransferEntropy
    version: "0.2.21"
    source: cran
  - name: Rcpp
    version: "1.1.2"
    source: cran
